// !$*UTF8*$!
{
	archiveVersion = 1;
	classes = {
	};
	objectVersion = 55;
	objects = {

/* Begin PBXBuildFile section */
		5B8559A4F71088E60399F2CF /* Pods_DevelopeLibraryTests.framework in Frameworks */ = {isa = PBXBuildFile; fileRef = 92A98AD8DAA5E03BF45AC2BB /* Pods_DevelopeLibraryTests.framework */; };
		79A8D76D80FE0644FF7A0108 /* Pods_DevelopeLibrary_DevelopeLibraryUITests.framework in Frameworks */ = {isa = PBXBuildFile; fileRef = 27AFC0EC745D40D9C75BAD66 /* Pods_DevelopeLibrary_DevelopeLibraryUITests.framework */; };
		ED96F7BFC3264DC7A6641BDA /* Pods_DevelopeLibrary.framework in Frameworks */ = {isa = PBXBuildFile; fileRef = 4131289EAF9374CF8873D165 /* Pods_DevelopeLibrary.framework */; };
		F30DD15928C1BD2400C04732 /* LabelFoldVC.swift in Sources */ = {isa = PBXBuildFile; fileRef = F30DD15828C1BD2400C04732 /* LabelFoldVC.swift */; };
		F30DD16928C1F3BD00C04732 /* CLTruncationLabel.swift in Sources */ = {isa = PBXBuildFile; fileRef = F30DD16828C1F3BD00C04732 /* CLTruncationLabel.swift */; };
		F3CC3858289B74F800410988 /* NetworkMonitor.swift in Sources */ = {isa = PBXBuildFile; fileRef = F3CC3857289B74F800410988 /* NetworkMonitor.swift */; };
		F3EBE9ED28942C7D0029DD01 /* AppDelegate.swift in Sources */ = {isa = PBXBuildFile; fileRef = F3EBE9EC28942C7D0029DD01 /* AppDelegate.swift */; };
		F3EBE9EF28942C7D0029DD01 /* SceneDelegate.swift in Sources */ = {isa = PBXBuildFile; fileRef = F3EBE9EE28942C7D0029DD01 /* SceneDelegate.swift */; };
		F3EBE9F128942C7D0029DD01 /* ViewController.swift in Sources */ = {isa = PBXBuildFile; fileRef = F3EBE9F028942C7D0029DD01 /* ViewController.swift */; };
		F3EBE9F428942C7D0029DD01 /* Main.storyboard in Resources */ = {isa = PBXBuildFile; fileRef = F3EBE9F228942C7D0029DD01 /* Main.storyboard */; };
		F3EBE9F628942C7D0029DD01 /* Assets.xcassets in Resources */ = {isa = PBXBuildFile; fileRef = F3EBE9F528942C7D0029DD01 /* Assets.xcassets */; };
		F3EBE9F928942C7E0029DD01 /* LaunchScreen.storyboard in Resources */ = {isa = PBXBuildFile; fileRef = F3EBE9F728942C7E0029DD01 /* LaunchScreen.storyboard */; };
		F3EBEA0428942C7E0029DD01 /* DevelopeLibraryTests.swift in Sources */ = {isa = PBXBuildFile; fileRef = F3EBEA0328942C7E0029DD01 /* DevelopeLibraryTests.swift */; };
		F3EBEA0E28942C7E0029DD01 /* DevelopeLibraryUITests.swift in Sources */ = {isa = PBXBuildFile; fileRef = F3EBEA0D28942C7E0029DD01 /* DevelopeLibraryUITests.swift */; };
		F3EBEA1028942C7E0029DD01 /* DevelopeLibraryUITestsLaunchTests.swift in Sources */ = {isa = PBXBuildFile; fileRef = F3EBEA0F28942C7E0029DD01 /* DevelopeLibraryUITestsLaunchTests.swift */; };
		F3EBEA1E28942F580029DD01 /* SisypheHomeAnimationVC.swift in Sources */ = {isa = PBXBuildFile; fileRef = F3EBEA1D28942F580029DD01 /* SisypheHomeAnimationVC.swift */; };
		F3EBEA2128943A1A0029DD01 /* NoFullPageScrollVC.swift in Sources */ = {isa = PBXBuildFile; fileRef = F3EBEA2028943A1A0029DD01 /* NoFullPageScrollVC.swift */; };
		F3EBEA2328943B390029DD01 /* Common.swift in Sources */ = {isa = PBXBuildFile; fileRef = F3EBEA2228943B390029DD01 /* Common.swift */; };
		F3EBEA2528945A640029DD01 /* NOFullPageScrollFastVC.swift in Sources */ = {isa = PBXBuildFile; fileRef = F3EBEA2428945A640029DD01 /* NOFullPageScrollFastVC.swift */; };
		F3EBEA27289469A10029DD01 /* HomeCardScrollCellLayout.swift in Sources */ = {isa = PBXBuildFile; fileRef = F3EBEA26289469A10029DD01 /* HomeCardScrollCellLayout.swift */; };
		F3EBEA2D2894D4470029DD01 /* PageLayout.swift in Sources */ = {isa = PBXBuildFile; fileRef = F3EBEA2C2894D4470029DD01 /* PageLayout.swift */; };
		F3F1D7AF2941BBE5002C2F09 /* StoreCommentVC.swift in Sources */ = {isa = PBXBuildFile; fileRef = F3F1D7AE2941BBE5002C2F09 /* StoreCommentVC.swift */; };
/* End PBXBuildFile section */

/* Begin PBXContainerItemProxy section */
		F3EBEA0028942C7E0029DD01 /* PBXContainerItemProxy */ = {
			isa = PBXContainerItemProxy;
			containerPortal = F3EBE9E128942C7D0029DD01 /* Project object */;
			proxyType = 1;
			remoteGlobalIDString = F3EBE9E828942C7D0029DD01;
			remoteInfo = DevelopeLibrary;
		};
		F3EBEA0A28942C7E0029DD01 /* PBXContainerItemProxy */ = {
			isa = PBXContainerItemProxy;
			containerPortal = F3EBE9E128942C7D0029DD01 /* Project object */;
			proxyType = 1;
			remoteGlobalIDString = F3EBE9E828942C7D0029DD01;
			remoteInfo = DevelopeLibrary;
		};
/* End PBXContainerItemProxy section */

/* Begin PBXFileReference section */
		1C45D6FE1DE66F1173EBA506 /* Pods-DevelopeLibrary-DevelopeLibraryUITests.release.xcconfig */ = {isa = PBXFileReference; includeInIndex = 1; lastKnownFileType = text.xcconfig; name = "Pods-DevelopeLibrary-DevelopeLibraryUITests.release.xcconfig"; path = "Target Support Files/Pods-DevelopeLibrary-DevelopeLibraryUITests/Pods-DevelopeLibrary-DevelopeLibraryUITests.release.xcconfig"; sourceTree = "<group>"; };
		279050EF99B7A4CFE25643FF /* Pods-DevelopeLibrary.debug.xcconfig */ = {isa = PBXFileReference; includeInIndex = 1; lastKnownFileType = text.xcconfig; name = "Pods-DevelopeLibrary.debug.xcconfig"; path = "Target Support Files/Pods-DevelopeLibrary/Pods-DevelopeLibrary.debug.xcconfig"; sourceTree = "<group>"; };
		27AFC0EC745D40D9C75BAD66 /* Pods_DevelopeLibrary_DevelopeLibraryUITests.framework */ = {isa = PBXFileReference; explicitFileType = wrapper.framework; includeInIndex = 0; path = Pods_DevelopeLibrary_DevelopeLibraryUITests.framework; sourceTree = BUILT_PRODUCTS_DIR; };
		336D13046C2B70A36355CAE4 /* Pods-DevelopeLibrary.release.xcconfig */ = {isa = PBXFileReference; includeInIndex = 1; lastKnownFileType = text.xcconfig; name = "Pods-DevelopeLibrary.release.xcconfig"; path = "Target Support Files/Pods-DevelopeLibrary/Pods-DevelopeLibrary.release.xcconfig"; sourceTree = "<group>"; };
		4131289EAF9374CF8873D165 /* Pods_DevelopeLibrary.framework */ = {isa = PBXFileReference; explicitFileType = wrapper.framework; includeInIndex = 0; path = Pods_DevelopeLibrary.framework; sourceTree = BUILT_PRODUCTS_DIR; };
		427B5F9A6743779DD8C74E20 /* Pods-DevelopeLibraryTests.release.xcconfig */ = {isa = PBXFileReference; includeInIndex = 1; lastKnownFileType = text.xcconfig; name = "Pods-DevelopeLibraryTests.release.xcconfig"; path = "Target Support Files/Pods-DevelopeLibraryTests/Pods-DevelopeLibraryTests.release.xcconfig"; sourceTree = "<group>"; };
		76E23C1400738AAA9EB64B2D /* Pods-DevelopeLibrary-DevelopeLibraryUITests.debug.xcconfig */ = {isa = PBXFileReference; includeInIndex = 1; lastKnownFileType = text.xcconfig; name = "Pods-DevelopeLibrary-DevelopeLibraryUITests.debug.xcconfig"; path = "Target Support Files/Pods-DevelopeLibrary-DevelopeLibraryUITests/Pods-DevelopeLibrary-DevelopeLibraryUITests.debug.xcconfig"; sourceTree = "<group>"; };
		92A98AD8DAA5E03BF45AC2BB /* Pods_DevelopeLibraryTests.framework */ = {isa = PBXFileReference; explicitFileType = wrapper.framework; includeInIndex = 0; path = Pods_DevelopeLibraryTests.framework; sourceTree = BUILT_PRODUCTS_DIR; };
		DBD9C441024B7FEBDE3FEB82 /* Pods-DevelopeLibraryTests.debug.xcconfig */ = {isa = PBXFileReference; includeInIndex = 1; lastKnownFileType = text.xcconfig; name = "Pods-DevelopeLibraryTests.debug.xcconfig"; path = "Target Support Files/Pods-DevelopeLibraryTests/Pods-DevelopeLibraryTests.debug.xcconfig"; sourceTree = "<group>"; };
		F30DD15828C1BD2400C04732 /* LabelFoldVC.swift */ = {isa = PBXFileReference; lastKnownFileType = sourcecode.swift; path = LabelFoldVC.swift; sourceTree = "<group>"; };
		F30DD16828C1F3BD00C04732 /* CLTruncationLabel.swift */ = {isa = PBXFileReference; fileEncoding = 4; lastKnownFileType = sourcecode.swift; path = CLTruncationLabel.swift; sourceTree = "<group>"; };
		F3CC384B289B6E3800410988 /* DevelopeLibrary-Bridging-Header.h */ = {isa = PBXFileReference; lastKnownFileType = sourcecode.c.h; path = "DevelopeLibrary-Bridging-Header.h"; sourceTree = "<group>"; };
		F3CC3857289B74F800410988 /* NetworkMonitor.swift */ = {isa = PBXFileReference; lastKnownFileType = sourcecode.swift; path = NetworkMonitor.swift; sourceTree = "<group>"; };
		F3EBE9E928942C7D0029DD01 /* DevelopeLibrary.app */ = {isa = PBXFileReference; explicitFileType = wrapper.application; includeInIndex = 0; path = DevelopeLibrary.app; sourceTree = BUILT_PRODUCTS_DIR; };
		F3EBE9EC28942C7D0029DD01 /* AppDelegate.swift */ = {isa = PBXFileReference; lastKnownFileType = sourcecode.swift; path = AppDelegate.swift; sourceTree = "<group>"; };
		F3EBE9EE28942C7D0029DD01 /* SceneDelegate.swift */ = {isa = PBXFileReference; lastKnownFileType = sourcecode.swift; path = SceneDelegate.swift; sourceTree = "<group>"; };
		F3EBE9F028942C7D0029DD01 /* ViewController.swift */ = {isa = PBXFileReference; lastKnownFileType = sourcecode.swift; path = ViewController.swift; sourceTree = "<group>"; };
		F3EBE9F328942C7D0029DD01 /* Base */ = {isa = PBXFileReference; lastKnownFileType = file.storyboard; name = Base; path = Base.lproj/Main.storyboard; sourceTree = "<group>"; };
		F3EBE9F528942C7D0029DD01 /* Assets.xcassets */ = {isa = PBXFileReference; lastKnownFileType = folder.assetcatalog; path = Assets.xcassets; sourceTree = "<group>"; };
		F3EBE9F828942C7E0029DD01 /* Base */ = {isa = PBXFileReference; lastKnownFileType = file.storyboard; name = Base; path = Base.lproj/LaunchScreen.storyboard; sourceTree = "<group>"; };
		F3EBE9FA28942C7E0029DD01 /* Info.plist */ = {isa = PBXFileReference; lastKnownFileType = text.plist.xml; path = Info.plist; sourceTree = "<group>"; };
		F3EBE9FF28942C7E0029DD01 /* DevelopeLibraryTests.xctest */ = {isa = PBXFileReference; explicitFileType = wrapper.cfbundle; includeInIndex = 0; path = DevelopeLibraryTests.xctest; sourceTree = BUILT_PRODUCTS_DIR; };
		F3EBEA0328942C7E0029DD01 /* DevelopeLibraryTests.swift */ = {isa = PBXFileReference; lastKnownFileType = sourcecode.swift; path = DevelopeLibraryTests.swift; sourceTree = "<group>"; };
		F3EBEA0928942C7E0029DD01 /* DevelopeLibraryUITests.xctest */ = {isa = PBXFileReference; explicitFileType = wrapper.cfbundle; includeInIndex = 0; path = DevelopeLibraryUITests.xctest; sourceTree = BUILT_PRODUCTS_DIR; };
		F3EBEA0D28942C7E0029DD01 /* DevelopeLibraryUITests.swift */ = {isa = PBXFileReference; lastKnownFileType = sourcecode.swift; path = DevelopeLibraryUITests.swift; sourceTree = "<group>"; };
		F3EBEA0F28942C7E0029DD01 /* DevelopeLibraryUITestsLaunchTests.swift */ = {isa = PBXFileReference; lastKnownFileType = sourcecode.swift; path = DevelopeLibraryUITestsLaunchTests.swift; sourceTree = "<group>"; };
		F3EBEA1D28942F580029DD01 /* SisypheHomeAnimationVC.swift */ = {isa = PBXFileReference; fileEncoding = 4; lastKnownFileType = sourcecode.swift; path = SisypheHomeAnimationVC.swift; sourceTree = "<group>"; };
		F3EBEA2028943A1A0029DD01 /* NoFullPageScrollVC.swift */ = {isa = PBXFileReference; lastKnownFileType = sourcecode.swift; path = NoFullPageScrollVC.swift; sourceTree = "<group>"; };
		F3EBEA2228943B390029DD01 /* Common.swift */ = {isa = PBXFileReference; lastKnownFileType = sourcecode.swift; path = Common.swift; sourceTree = "<group>"; };
		F3EBEA2428945A640029DD01 /* NOFullPageScrollFastVC.swift */ = {isa = PBXFileReference; lastKnownFileType = sourcecode.swift; path = NOFullPageScrollFastVC.swift; sourceTree = "<group>"; };
		F3EBEA26289469A10029DD01 /* HomeCardScrollCellLayout.swift */ = {isa = PBXFileReference; lastKnownFileType = sourcecode.swift; path = HomeCardScrollCellLayout.swift; sourceTree = "<group>"; };
		F3EBEA2C2894D4470029DD01 /* PageLayout.swift */ = {isa = PBXFileReference; lastKnownFileType = sourcecode.swift; path = PageLayout.swift; sourceTree = "<group>"; };
		F3F1D7AE2941BBE5002C2F09 /* StoreCommentVC.swift */ = {isa = PBXFileReference; lastKnownFileType = sourcecode.swift; path = StoreCommentVC.swift; sourceTree = "<group>"; };
/* End PBXFileReference section */

/* Begin PBXFrameworksBuildPhase section */
		F3EBE9E628942C7D0029DD01 /* Frameworks */ = {
			isa = PBXFrameworksBuildPhase;
			buildActionMask = 2147483647;
			files = (
				ED96F7BFC3264DC7A6641BDA /* Pods_DevelopeLibrary.framework in Frameworks */,
			);
			runOnlyForDeploymentPostprocessing = 0;
		};
		F3EBE9FC28942C7E0029DD01 /* Frameworks */ = {
			isa = PBXFrameworksBuildPhase;
			buildActionMask = 2147483647;
			files = (
				5B8559A4F71088E60399F2CF /* Pods_DevelopeLibraryTests.framework in Frameworks */,
			);
			runOnlyForDeploymentPostprocessing = 0;
		};
		F3EBEA0628942C7E0029DD01 /* Frameworks */ = {
			isa = PBXFrameworksBuildPhase;
			buildActionMask = 2147483647;
			files = (
				79A8D76D80FE0644FF7A0108 /* Pods_DevelopeLibrary_DevelopeLibraryUITests.framework in Frameworks */,
			);
			runOnlyForDeploymentPostprocessing = 0;
		};
/* End PBXFrameworksBuildPhase section */

/* Begin PBXGroup section */
		28AC17BF1278C2CE8B441BC9 /* Frameworks */ = {
			isa = PBXGroup;
			children = (
				4131289EAF9374CF8873D165 /* Pods_DevelopeLibrary.framework */,
				27AFC0EC745D40D9C75BAD66 /* Pods_DevelopeLibrary_DevelopeLibraryUITests.framework */,
				92A98AD8DAA5E03BF45AC2BB /* Pods_DevelopeLibraryTests.framework */,
			);
			name = Frameworks;
			sourceTree = "<group>";
		};
		B8155431CE695598599133AB /* Pods */ = {
			isa = PBXGroup;
			children = (
				279050EF99B7A4CFE25643FF /* Pods-DevelopeLibrary.debug.xcconfig */,
				336D13046C2B70A36355CAE4 /* Pods-DevelopeLibrary.release.xcconfig */,
				76E23C1400738AAA9EB64B2D /* Pods-DevelopeLibrary-DevelopeLibraryUITests.debug.xcconfig */,
				1C45D6FE1DE66F1173EBA506 /* Pods-DevelopeLibrary-DevelopeLibraryUITests.release.xcconfig */,
				DBD9C441024B7FEBDE3FEB82 /* Pods-DevelopeLibraryTests.debug.xcconfig */,
				427B5F9A6743779DD8C74E20 /* Pods-DevelopeLibraryTests.release.xcconfig */,
			);
			path = Pods;
			sourceTree = "<group>";
		};
		F30DD15728C1BCFB00C04732 /* UILabel */ = {
			isa = PBXGroup;
			children = (
				F30DD16828C1F3BD00C04732 /* CLTruncationLabel.swift */,
				F30DD15828C1BD2400C04732 /* LabelFoldVC.swift */,
			);
			path = UILabel;
			sourceTree = "<group>";
		};
		F3CC384A289B6E1000410988 /* NetworkMonitor */ = {
			isa = PBXGroup;
			children = (
				F3CC384B289B6E3800410988 /* DevelopeLibrary-Bridging-Header.h */,
				F3CC3857289B74F800410988 /* NetworkMonitor.swift */,
			);
			path = NetworkMonitor;
			sourceTree = "<group>";
		};
		F3EBE9E028942C7D0029DD01 = {
			isa = PBXGroup;
			children = (
				F3EBE9EB28942C7D0029DD01 /* DevelopeLibrary */,
				F3EBEA0228942C7E0029DD01 /* DevelopeLibraryTests */,
				F3EBEA0C28942C7E0029DD01 /* DevelopeLibraryUITests */,
				F3EBE9EA28942C7D0029DD01 /* Products */,
				B8155431CE695598599133AB /* Pods */,
				28AC17BF1278C2CE8B441BC9 /* Frameworks */,
			);
			sourceTree = "<group>";
		};
		F3EBE9EA28942C7D0029DD01 /* Products */ = {
			isa = PBXGroup;
			children = (
				F3EBE9E928942C7D0029DD01 /* DevelopeLibrary.app */,
				F3EBE9FF28942C7E0029DD01 /* DevelopeLibraryTests.xctest */,
				F3EBEA0928942C7E0029DD01 /* DevelopeLibraryUITests.xctest */,
			);
			name = Products;
			sourceTree = "<group>";
		};
		F3EBE9EB28942C7D0029DD01 /* DevelopeLibrary */ = {
			isa = PBXGroup;
			children = (
				F30DD15728C1BCFB00C04732 /* UILabel */,
				F3CC384A289B6E1000410988 /* NetworkMonitor */,
				F3EBEA1F289439DF0029DD01 /* CollectionView */,
				F3EBEA1C28942EF80029DD01 /* PageViewController */,
				F3EBE9EC28942C7D0029DD01 /* AppDelegate.swift */,
				F3EBE9EE28942C7D0029DD01 /* SceneDelegate.swift */,
				F3EBE9F028942C7D0029DD01 /* ViewController.swift */,
				F3EBEA2228943B390029DD01 /* Common.swift */,
				F3EBE9F228942C7D0029DD01 /* Main.storyboard */,
				F3EBE9F528942C7D0029DD01 /* Assets.xcassets */,
				F3EBE9F728942C7E0029DD01 /* LaunchScreen.storyboard */,
				F3EBE9FA28942C7E0029DD01 /* Info.plist */,
			);
			path = DevelopeLibrary;
			sourceTree = "<group>";
		};
		F3EBEA0228942C7E0029DD01 /* DevelopeLibraryTests */ = {
			isa = PBXGroup;
			children = (
				F3EBEA0328942C7E0029DD01 /* DevelopeLibraryTests.swift */,
			);
			path = DevelopeLibraryTests;
			sourceTree = "<group>";
		};
		F3EBEA0C28942C7E0029DD01 /* DevelopeLibraryUITests */ = {
			isa = PBXGroup;
			children = (
				F3EBEA0D28942C7E0029DD01 /* DevelopeLibraryUITests.swift */,
				F3EBEA0F28942C7E0029DD01 /* DevelopeLibraryUITestsLaunchTests.swift */,
			);
			path = DevelopeLibraryUITests;
			sourceTree = "<group>";
		};
		F3EBEA1C28942EF80029DD01 /* PageViewController */ = {
			isa = PBXGroup;
			children = (
				F3EBEA1D28942F580029DD01 /* SisypheHomeAnimationVC.swift */,
				F3F1D7AE2941BBE5002C2F09 /* StoreCommentVC.swift */,
			);
			path = PageViewController;
			sourceTree = "<group>";
		};
		F3EBEA1F289439DF0029DD01 /* CollectionView */ = {
			isa = PBXGroup;
			children = (
				F3EBEA2028943A1A0029DD01 /* NoFullPageScrollVC.swift */,
				F3EBEA2428945A640029DD01 /* NOFullPageScrollFastVC.swift */,
				F3EBEA26289469A10029DD01 /* HomeCardScrollCellLayout.swift */,
				F3EBEA2C2894D4470029DD01 /* PageLayout.swift */,
			);
			path = CollectionView;
			sourceTree = "<group>";
		};
/* End PBXGroup section */

/* Begin PBXNativeTarget section */
		F3EBE9E828942C7D0029DD01 /* DevelopeLibrary */ = {
			isa = PBXNativeTarget;
			buildConfigurationList = F3EBEA1328942C7E0029DD01 /* Build configuration list for PBXNativeTarget "DevelopeLibrary" */;
			buildPhases = (
				D90BE468A6ADD4B4DF2A921B /* [CP] Check Pods Manifest.lock */,
				F3EBE9E528942C7D0029DD01 /* Sources */,
				F3EBE9E628942C7D0029DD01 /* Frameworks */,
				F3EBE9E728942C7D0029DD01 /* Resources */,
				39666351AE3F8B0183E476B7 /* [CP] Embed Pods Frameworks */,
			);
			buildRules = (
			);
			dependencies = (
			);
			name = DevelopeLibrary;
			productName = DevelopeLibrary;
			productReference = F3EBE9E928942C7D0029DD01 /* DevelopeLibrary.app */;
			productType = "com.apple.product-type.application";
		};
		F3EBE9FE28942C7E0029DD01 /* DevelopeLibraryTests */ = {
			isa = PBXNativeTarget;
			buildConfigurationList = F3EBEA1628942C7E0029DD01 /* Build configuration list for PBXNativeTarget "DevelopeLibraryTests" */;
			buildPhases = (
				034613906A8285E928E8BEF9 /* [CP] Check Pods Manifest.lock */,
				F3EBE9FB28942C7E0029DD01 /* Sources */,
				F3EBE9FC28942C7E0029DD01 /* Frameworks */,
				F3EBE9FD28942C7E0029DD01 /* Resources */,
			);
			buildRules = (
			);
			dependencies = (
				F3EBEA0128942C7E0029DD01 /* PBXTargetDependency */,
			);
			name = DevelopeLibraryTests;
			productName = DevelopeLibraryTests;
			productReference = F3EBE9FF28942C7E0029DD01 /* DevelopeLibraryTests.xctest */;
			productType = "com.apple.product-type.bundle.unit-test";
		};
		F3EBEA0828942C7E0029DD01 /* DevelopeLibraryUITests */ = {
			isa = PBXNativeTarget;
			buildConfigurationList = F3EBEA1928942C7E0029DD01 /* Build configuration list for PBXNativeTarget "DevelopeLibraryUITests" */;
			buildPhases = (
				A0F37D7CE6E1391FFBF642C0 /* [CP] Check Pods Manifest.lock */,
				F3EBEA0528942C7E0029DD01 /* Sources */,
				F3EBEA0628942C7E0029DD01 /* Frameworks */,
				F3EBEA0728942C7E0029DD01 /* Resources */,
				084BA29964747545379B2D9A /* [CP] Embed Pods Frameworks */,
			);
			buildRules = (
			);
			dependencies = (
				F3EBEA0B28942C7E0029DD01 /* PBXTargetDependency */,
			);
			name = DevelopeLibraryUITests;
			productName = DevelopeLibraryUITests;
			productReference = F3EBEA0928942C7E0029DD01 /* DevelopeLibraryUITests.xctest */;
			productType = "com.apple.product-type.bundle.ui-testing";
		};
/* End PBXNativeTarget section */

/* Begin PBXProject section */
		F3EBE9E128942C7D0029DD01 /* Project object */ = {
			isa = PBXProject;
			attributes = {
				BuildIndependentTargetsInParallel = 1;
				LastSwiftUpdateCheck = 1340;
				LastUpgradeCheck = 1340;
				TargetAttributes = {
					F3EBE9E828942C7D0029DD01 = {
						CreatedOnToolsVersion = 13.4.1;
						LastSwiftMigration = 1330;
					};
					F3EBE9FE28942C7E0029DD01 = {
						CreatedOnToolsVersion = 13.4.1;
						TestTargetID = F3EBE9E828942C7D0029DD01;
					};
					F3EBEA0828942C7E0029DD01 = {
						CreatedOnToolsVersion = 13.4.1;
						TestTargetID = F3EBE9E828942C7D0029DD01;
					};
				};
			};
			buildConfigurationList = F3EBE9E428942C7D0029DD01 /* Build configuration list for PBXProject "DevelopeLibrary" */;
			compatibilityVersion = "Xcode 13.0";
			developmentRegion = en;
			hasScannedForEncodings = 0;
			knownRegions = (
				en,
				Base,
			);
			mainGroup = F3EBE9E028942C7D0029DD01;
			productRefGroup = F3EBE9EA28942C7D0029DD01 /* Products */;
			projectDirPath = "";
			projectRoot = "";
			targets = (
				F3EBE9E828942C7D0029DD01 /* DevelopeLibrary */,
				F3EBE9FE28942C7E0029DD01 /* DevelopeLibraryTests */,
				F3EBEA0828942C7E0029DD01 /* DevelopeLibraryUITests */,
			);
		};
/* End PBXProject section */

/* Begin PBXResourcesBuildPhase section */
		F3EBE9E728942C7D0029DD01 /* Resources */ = {
			isa = PBXResourcesBuildPhase;
			buildActionMask = 2147483647;
			files = (
				F3EBE9F928942C7E0029DD01 /* LaunchScreen.storyboard in Resources */,
				F3EBE9F628942C7D0029DD01 /* Assets.xcassets in Resources */,
				F3EBE9F428942C7D0029DD01 /* Main.storyboard in Resources */,
			);
			runOnlyForDeploymentPostprocessing = 0;
		};
		F3EBE9FD28942C7E0029DD01 /* Resources */ = {
			isa = PBXResourcesBuildPhase;
			buildActionMask = 2147483647;
			files = (
			);
			runOnlyForDeploymentPostprocessing = 0;
		};
		F3EBEA0728942C7E0029DD01 /* Resources */ = {
			isa = PBXResourcesBuildPhase;
			buildActionMask = 2147483647;
			files = (
			);
			runOnlyForDeploymentPostprocessing = 0;
		};
/* End PBXResourcesBuildPhase section */

/* Begin PBXShellScriptBuildPhase section */
		034613906A8285E928E8BEF9 /* [CP] Check Pods Manifest.lock */ = {
			isa = PBXShellScriptBuildPhase;
			buildActionMask = 2147483647;
			files = (
			);
			inputFileListPaths = (
			);
			inputPaths = (
				"${PODS_PODFILE_DIR_PATH}/Podfile.lock",
				"${PODS_ROOT}/Manifest.lock",
			);
			name = "[CP] Check Pods Manifest.lock";
			outputFileListPaths = (
			);
			outputPaths = (
				"$(DERIVED_FILE_DIR)/Pods-DevelopeLibraryTests-checkManifestLockResult.txt",
			);
			runOnlyForDeploymentPostprocessing = 0;
			shellPath = /bin/sh;
			shellScript = "diff \"${PODS_PODFILE_DIR_PATH}/Podfile.lock\" \"${PODS_ROOT}/Manifest.lock\" > /dev/null\nif [ $? != 0 ] ; then\n    # print error to STDERR\n    echo \"error: The sandbox is not in sync with the Podfile.lock. Run 'pod install' or update your CocoaPods installation.\" >&2\n    exit 1\nfi\n# This output is used by Xcode 'outputs' to avoid re-running this script phase.\necho \"SUCCESS\" > \"${SCRIPT_OUTPUT_FILE_0}\"\n";
			showEnvVarsInLog = 0;
		};
		084BA29964747545379B2D9A /* [CP] Embed Pods Frameworks */ = {
			isa = PBXShellScriptBuildPhase;
			buildActionMask = 2147483647;
			files = (
			);
			inputFileListPaths = (
				"${PODS_ROOT}/Target Support Files/Pods-DevelopeLibrary-DevelopeLibraryUITests/Pods-DevelopeLibrary-DevelopeLibraryUITests-frameworks-${CONFIGURATION}-input-files.xcfilelist",
			);
			name = "[CP] Embed Pods Frameworks";
			outputFileListPaths = (
				"${PODS_ROOT}/Target Support Files/Pods-DevelopeLibrary-DevelopeLibraryUITests/Pods-DevelopeLibrary-DevelopeLibraryUITests-frameworks-${CONFIGURATION}-output-files.xcfilelist",
			);
			runOnlyForDeploymentPostprocessing = 0;
			shellPath = /bin/sh;
			shellScript = "\"${PODS_ROOT}/Target Support Files/Pods-DevelopeLibrary-DevelopeLibraryUITests/Pods-DevelopeLibrary-DevelopeLibraryUITests-frameworks.sh\"\n";
			showEnvVarsInLog = 0;
		};
		39666351AE3F8B0183E476B7 /* [CP] Embed Pods Frameworks */ = {
			isa = PBXShellScriptBuildPhase;
			buildActionMask = 2147483647;
			files = (
			);
			inputFileListPaths = (
				"${PODS_ROOT}/Target Support Files/Pods-DevelopeLibrary/Pods-DevelopeLibrary-frameworks-${CONFIGURATION}-input-files.xcfilelist",
			);
			name = "[CP] Embed Pods Frameworks";
			outputFileListPaths = (
				"${PODS_ROOT}/Target Support Files/Pods-DevelopeLibrary/Pods-DevelopeLibrary-frameworks-${CONFIGURATION}-output-files.xcfilelist",
			);
			runOnlyForDeploymentPostprocessing = 0;
			shellPath = /bin/sh;
			shellScript = "\"${PODS_ROOT}/Target Support Files/Pods-DevelopeLibrary/Pods-DevelopeLibrary-frameworks.sh\"\n";
			showEnvVarsInLog = 0;
		};
		A0F37D7CE6E1391FFBF642C0 /* [CP] Check Pods Manifest.lock */ = {
			isa = PBXShellScriptBuildPhase;
			buildActionMask = 2147483647;
			files = (
			);
			inputFileListPaths = (
			);
			inputPaths = (
				"${PODS_PODFILE_DIR_PATH}/Podfile.lock",
				"${PODS_ROOT}/Manifest.lock",
			);
			name = "[CP] Check Pods Manifest.lock";
			outputFileListPaths = (
			);
			outputPaths = (
				"$(DERIVED_FILE_DIR)/Pods-DevelopeLibrary-DevelopeLibraryUITests-checkManifestLockResult.txt",
			);
			runOnlyForDeploymentPostprocessing = 0;
			shellPath = /bin/sh;
			shellScript = "diff \"${PODS_PODFILE_DIR_PATH}/Podfile.lock\" \"${PODS_ROOT}/Manifest.lock\" > /dev/null\nif [ $? != 0 ] ; then\n    # print error to STDERR\n    echo \"error: The sandbox is not in sync with the Podfile.lock. Run 'pod install' or update your CocoaPods installation.\" >&2\n    exit 1\nfi\n# This output is used by Xcode 'outputs' to avoid re-running this script phase.\necho \"SUCCESS\" > \"${SCRIPT_OUTPUT_FILE_0}\"\n";
			showEnvVarsInLog = 0;
		};
		D90BE468A6ADD4B4DF2A921B /* [CP] Check Pods Manifest.lock */ = {
			isa = PBXShellScriptBuildPhase;
			buildActionMask = 2147483647;
			files = (
			);
			inputFileListPaths = (
			);
			inputPaths = (
				"${PODS_PODFILE_DIR_PATH}/Podfile.lock",
				"${PODS_ROOT}/Manifest.lock",
			);
			name = "[CP] Check Pods Manifest.lock";
			outputFileListPaths = (
			);
			outputPaths = (
				"$(DERIVED_FILE_DIR)/Pods-DevelopeLibrary-checkManifestLockResult.txt",
			);
			runOnlyForDeploymentPostprocessing = 0;
			shellPath = /bin/sh;
			shellScript = "diff \"${PODS_PODFILE_DIR_PATH}/Podfile.lock\" \"${PODS_ROOT}/Manifest.lock\" > /dev/null\nif [ $? != 0 ] ; then\n    # print error to STDERR\n    echo \"error: The sandbox is not in sync with the Podfile.lock. Run 'pod install' or update your CocoaPods installation.\" >&2\n    exit 1\nfi\n# This output is used by Xcode 'outputs' to avoid re-running this script phase.\necho \"SUCCESS\" > \"${SCRIPT_OUTPUT_FILE_0}\"\n";
			showEnvVarsInLog = 0;
		};
/* End PBXShellScriptBuildPhase section */

/* Begin PBXSourcesBuildPhase section */
		F3EBE9E528942C7D0029DD01 /* Sources */ = {
			isa = PBXSourcesBuildPhase;
			buildActionMask = 2147483647;
			files = (
				F30DD15928C1BD2400C04732 /* LabelFoldVC.swift in Sources */,
				F3CC3858289B74F800410988 /* NetworkMonitor.swift in Sources */,
				F3EBEA2528945A640029DD01 /* NOFullPageScrollFastVC.swift in Sources */,
				F3EBEA27289469A10029DD01 /* HomeCardScrollCellLayout.swift in Sources */,
				F30DD16928C1F3BD00C04732 /* CLTruncationLabel.swift in Sources */,
				F3EBEA2D2894D4470029DD01 /* PageLayout.swift in Sources */,
				F3F1D7AF2941BBE5002C2F09 /* StoreCommentVC.swift in Sources */,
				F3EBEA2128943A1A0029DD01 /* NoFullPageScrollVC.swift in Sources */,
				F3EBE9F128942C7D0029DD01 /* ViewController.swift in Sources */,
				F3EBE9ED28942C7D0029DD01 /* AppDelegate.swift in Sources */,
				F3EBEA1E28942F580029DD01 /* SisypheHomeAnimationVC.swift in Sources */,
				F3EBEA2328943B390029DD01 /* Common.swift in Sources */,
				F3EBE9EF28942C7D0029DD01 /* SceneDelegate.swift in Sources */,
			);
			runOnlyForDeploymentPostprocessing = 0;
		};
		F3EBE9FB28942C7E0029DD01 /* Sources */ = {
			isa = PBXSourcesBuildPhase;
			buildActionMask = 2147483647;
			files = (
				F3EBEA0428942C7E0029DD01 /* DevelopeLibraryTests.swift in Sources */,
			);
			runOnlyForDeploymentPostprocessing = 0;
		};
		F3EBEA0528942C7E0029DD01 /* Sources */ = {
			isa = PBXSourcesBuildPhase;
			buildActionMask = 2147483647;
			files = (
				F3EBEA1028942C7E0029DD01 /* DevelopeLibraryUITestsLaunchTests.swift in Sources */,
				F3EBEA0E28942C7E0029DD01 /* DevelopeLibraryUITests.swift in Sources */,
			);
			runOnlyForDeploymentPostprocessing = 0;
		};
/* End PBXSourcesBuildPhase section */

/* Begin PBXTargetDependency section */
		F3EBEA0128942C7E0029DD01 /* PBXTargetDependency */ = {
			isa = PBXTargetDependency;
			target = F3EBE9E828942C7D0029DD01 /* DevelopeLibrary */;
			targetProxy = F3EBEA0028942C7E0029DD01 /* PBXContainerItemProxy */;
		};
		F3EBEA0B28942C7E0029DD01 /* PBXTargetDependency */ = {
			isa = PBXTargetDependency;
			target = F3EBE9E828942C7D0029DD01 /* DevelopeLibrary */;
			targetProxy = F3EBEA0A28942C7E0029DD01 /* PBXContainerItemProxy */;
		};
/* End PBXTargetDependency section */

/* Begin PBXVariantGroup section */
		F3EBE9F228942C7D0029DD01 /* Main.storyboard */ = {
			isa = PBXVariantGroup;
			children = (
				F3EBE9F328942C7D0029DD01 /* Base */,
			);
			name = Main.storyboard;
			sourceTree = "<group>";
		};
		F3EBE9F728942C7E0029DD01 /* LaunchScreen.storyboard */ = {
			isa = PBXVariantGroup;
			children = (
				F3EBE9F828942C7E0029DD01 /* Base */,
			);
			name = LaunchScreen.storyboard;
			sourceTree = "<group>";
		};
/* End PBXVariantGroup section */

/* Begin XCBuildConfiguration section */
		F3EBEA1128942C7E0029DD01 /* Debug */ = {
			isa = XCBuildConfiguration;
			buildSettings = {
				ALWAYS_SEARCH_USER_PATHS = NO;
				CLANG_ANALYZER_NONNULL = YES;
				CLANG_ANALYZER_NUMBER_OBJECT_CONVERSION = YES_AGGRESSIVE;
				CLANG_CXX_LANGUAGE_STANDARD = "gnu++17";
				CLANG_ENABLE_MODULES = YES;
				CLANG_ENABLE_OBJC_ARC = YES;
				CLANG_ENABLE_OBJC_WEAK = YES;
				CLANG_WARN_BLOCK_CAPTURE_AUTORELEASING = YES;
				CLANG_WARN_BOOL_CONVERSION = YES;
				CLANG_WARN_COMMA = YES;
				CLANG_WARN_CONSTANT_CONVERSION = YES;
				CLANG_WARN_DEPRECATED_OBJC_IMPLEMENTATIONS = YES;
				CLANG_WARN_DIRECT_OBJC_ISA_USAGE = YES_ERROR;
				CLANG_WARN_DOCUMENTATION_COMMENTS = YES;
				CLANG_WARN_EMPTY_BODY = YES;
				CLANG_WARN_ENUM_CONVERSION = YES;
				CLANG_WARN_INFINITE_RECURSION = YES;
				CLANG_WARN_INT_CONVERSION = YES;
				CLANG_WARN_NON_LITERAL_NULL_CONVERSION = YES;
				CLANG_WARN_OBJC_IMPLICIT_RETAIN_SELF = YES;
				CLANG_WARN_OBJC_LITERAL_CONVERSION = YES;
				CLANG_WARN_OBJC_ROOT_CLASS = YES_ERROR;
				CLANG_WARN_QUOTED_INCLUDE_IN_FRAMEWORK_HEADER = YES;
				CLANG_WARN_RANGE_LOOP_ANALYSIS = YES;
				CLANG_WARN_STRICT_PROTOTYPES = YES;
				CLANG_WARN_SUSPICIOUS_MOVE = YES;
				CLANG_WARN_UNGUARDED_AVAILABILITY = YES_AGGRESSIVE;
				CLANG_WARN_UNREACHABLE_CODE = YES;
				CLANG_WARN__DUPLICATE_METHOD_MATCH = YES;
				COPY_PHASE_STRIP = NO;
				DEBUG_INFORMATION_FORMAT = dwarf;
				ENABLE_STRICT_OBJC_MSGSEND = YES;
				ENABLE_TESTABILITY = YES;
				GCC_C_LANGUAGE_STANDARD = gnu11;
				GCC_DYNAMIC_NO_PIC = NO;
				GCC_NO_COMMON_BLOCKS = YES;
				GCC_OPTIMIZATION_LEVEL = 0;
				GCC_PREPROCESSOR_DEFINITIONS = (
					"DEBUG=1",
					"$(inherited)",
				);
				GCC_WARN_64_TO_32_BIT_CONVERSION = YES;
				GCC_WARN_ABOUT_RETURN_TYPE = YES_ERROR;
				GCC_WARN_UNDECLARED_SELECTOR = YES;
				GCC_WARN_UNINITIALIZED_AUTOS = YES_AGGRESSIVE;
				GCC_WARN_UNUSED_FUNCTION = YES;
				GCC_WARN_UNUSED_VARIABLE = YES;
				IPHONEOS_DEPLOYMENT_TARGET = 15.5;
				MTL_ENABLE_DEBUG_INFO = INCLUDE_SOURCE;
				MTL_FAST_MATH = YES;
				ONLY_ACTIVE_ARCH = YES;
				SDKROOT = iphoneos;
				SWIFT_ACTIVE_COMPILATION_CONDITIONS = DEBUG;
				SWIFT_OPTIMIZATION_LEVEL = "-Onone";
			};
			name = Debug;
		};
		F3EBEA1228942C7E0029DD01 /* Release */ = {
			isa = XCBuildConfiguration;
			buildSettings = {
				ALWAYS_SEARCH_USER_PATHS = NO;
				CLANG_ANALYZER_NONNULL = YES;
				CLANG_ANALYZER_NUMBER_OBJECT_CONVERSION = YES_AGGRESSIVE;
				CLANG_CXX_LANGUAGE_STANDARD = "gnu++17";
				CLANG_ENABLE_MODULES = YES;
				CLANG_ENABLE_OBJC_ARC = YES;
				CLANG_ENABLE_OBJC_WEAK = YES;
				CLANG_WARN_BLOCK_CAPTURE_AUTORELEASING = YES;
				CLANG_WARN_BOOL_CONVERSION = YES;
				CLANG_WARN_COMMA = YES;
				CLANG_WARN_CONSTANT_CONVERSION = YES;
				CLANG_WARN_DEPRECATED_OBJC_IMPLEMENTATIONS = YES;
				CLANG_WARN_DIRECT_OBJC_ISA_USAGE = YES_ERROR;
				CLANG_WARN_DOCUMENTATION_COMMENTS = YES;
				CLANG_WARN_EMPTY_BODY = YES;
				CLANG_WARN_ENUM_CONVERSION = YES;
				CLANG_WARN_INFINITE_RECURSION = YES;
				CLANG_WARN_INT_CONVERSION = YES;
				CLANG_WARN_NON_LITERAL_NULL_CONVERSION = YES;
				CLANG_WARN_OBJC_IMPLICIT_RETAIN_SELF = YES;
				CLANG_WARN_OBJC_LITERAL_CONVERSION = YES;
				CLANG_WARN_OBJC_ROOT_CLASS = YES_ERROR;
				CLANG_WARN_QUOTED_INCLUDE_IN_FRAMEWORK_HEADER = YES;
				CLANG_WARN_RANGE_LOOP_ANALYSIS = YES;
				CLANG_WARN_STRICT_PROTOTYPES = YES;
				CLANG_WARN_SUSPICIOUS_MOVE = YES;
				CLANG_WARN_UNGUARDED_AVAILABILITY = YES_AGGRESSIVE;
				CLANG_WARN_UNREACHABLE_CODE = YES;
				CLANG_WARN__DUPLICATE_METHOD_MATCH = YES;
				COPY_PHASE_STRIP = NO;
				DEBUG_INFORMATION_FORMAT = "dwarf-with-dsym";
				ENABLE_NS_ASSERTIONS = NO;
				ENABLE_STRICT_OBJC_MSGSEND = YES;
				GCC_C_LANGUAGE_STANDARD = gnu11;
				GCC_NO_COMMON_BLOCKS = YES;
				GCC_WARN_64_TO_32_BIT_CONVERSION = YES;
				GCC_WARN_ABOUT_RETURN_TYPE = YES_ERROR;
				GCC_WARN_UNDECLARED_SELECTOR = YES;
				GCC_WARN_UNINITIALIZED_AUTOS = YES_AGGRESSIVE;
				GCC_WARN_UNUSED_FUNCTION = YES;
				GCC_WARN_UNUSED_VARIABLE = YES;
				IPHONEOS_DEPLOYMENT_TARGET = 15.5;
				MTL_ENABLE_DEBUG_INFO = NO;
				MTL_FAST_MATH = YES;
				SDKROOT = iphoneos;
				SWIFT_COMPILATION_MODE = wholemodule;
				SWIFT_OPTIMIZATION_LEVEL = "-O";
				VALIDATE_PRODUCT = YES;
			};
			name = Release;
		};
		F3EBEA1428942C7E0029DD01 /* Debug */ = {
			isa = XCBuildConfiguration;
			baseConfigurationReference = 279050EF99B7A4CFE25643FF /* Pods-DevelopeLibrary.debug.xcconfig */;
			buildSettings = {
				ASSETCATALOG_COMPILER_APPICON_NAME = AppIcon;
				ASSETCATALOG_COMPILER_GLOBAL_ACCENT_COLOR_NAME = AccentColor;
				CLANG_ENABLE_MODULES = YES;
				CODE_SIGN_STYLE = Automatic;
				CURRENT_PROJECT_VERSION = 1;
				DEVELOPMENT_TEAM = 524JPX973F;
				GENERATE_INFOPLIST_FILE = YES;
				INFOPLIST_FILE = DevelopeLibrary/Info.plist;
				INFOPLIST_KEY_UIApplicationSupportsIndirectInputEvents = YES;
				INFOPLIST_KEY_UILaunchStoryboardName = LaunchScreen;
				INFOPLIST_KEY_UIMainStoryboardFile = Main;
				INFOPLIST_KEY_UISupportedInterfaceOrientations_iPad = "UIInterfaceOrientationPortrait UIInterfaceOrientationPortraitUpsideDown UIInterfaceOrientationLandscapeLeft UIInterfaceOrientationLandscapeRight";
				INFOPLIST_KEY_UISupportedInterfaceOrientations_iPhone = "UIInterfaceOrientationPortrait UIInterfaceOrientationLandscapeLeft UIInterfaceOrientationLandscapeRight";
				IPHONEOS_DEPLOYMENT_TARGET = 13.0;
				LD_RUNPATH_SEARCH_PATHS = (
					"$(inherited)",
					"@executable_path/Frameworks",
				);
				MARKETING_VERSION = 1.0;
				PRODUCT_BUNDLE_IDENTIFIER = somer.king.DevelopeLibrary;
				PRODUCT_NAME = "$(TARGET_NAME)";
				SWIFT_EMIT_LOC_STRINGS = YES;
				SWIFT_OBJC_BRIDGING_HEADER = "DevelopeLibrary/NetworkMonitor/DevelopeLibrary-Bridging-Header.h";
				SWIFT_OPTIMIZATION_LEVEL = "-Onone";
				SWIFT_VERSION = 5.0;
				TARGETED_DEVICE_FAMILY = "1,2";
			};
			name = Debug;
		};
		F3EBEA1528942C7E0029DD01 /* Release */ = {
			isa = XCBuildConfiguration;
			baseConfigurationReference = 336D13046C2B70A36355CAE4 /* Pods-DevelopeLibrary.release.xcconfig */;
			buildSettings = {
				ASSETCATALOG_COMPILER_APPICON_NAME = AppIcon;
				ASSETCATALOG_COMPILER_GLOBAL_ACCENT_COLOR_NAME = AccentColor;
				CLANG_ENABLE_MODULES = YES;
				CODE_SIGN_STYLE = Automatic;
				CURRENT_PROJECT_VERSION = 1;
				DEVELOPMENT_TEAM = 524JPX973F;
				GENERATE_INFOPLIST_FILE = YES;
				INFOPLIST_FILE = DevelopeLibrary/Info.plist;
				INFOPLIST_KEY_UIApplicationSupportsIndirectInputEvents = YES;
				INFOPLIST_KEY_UILaunchStoryboardName = LaunchScreen;
				INFOPLIST_KEY_UIMainStoryboardFile = Main;
				INFOPLIST_KEY_UISupportedInterfaceOrientations_iPad = "UIInterfaceOrientationPortrait UIInterfaceOrientationPortraitUpsideDown UIInterfaceOrientationLandscapeLeft UIInterfaceOrientationLandscapeRight";
				INFOPLIST_KEY_UISupportedInterfaceOrientations_iPhone = "UIInterfaceOrientationPortrait UIInterfaceOrientationLandscapeLeft UIInterfaceOrientationLandscapeRight";
				IPHONEOS_DEPLOYMENT_TARGET = 13.0;
				LD_RUNPATH_SEARCH_PATHS = (
					"$(inherited)",
					"@executable_path/Frameworks",
				);
				MARKETING_VERSION = 1.0;
				PRODUCT_BUNDLE_IDENTIFIER = somer.king.DevelopeLibrary;
				PRODUCT_NAME = "$(TARGET_NAME)";
				SWIFT_EMIT_LOC_STRINGS = YES;
				SWIFT_OBJC_BRIDGING_HEADER = "DevelopeLibrary/NetworkMonitor/DevelopeLibrary-Bridging-Header.h";
				SWIFT_VERSION = 5.0;
				TARGETED_DEVICE_FAMILY = "1,2";
			};
			name = Release;
		};
		F3EBEA1728942C7E0029DD01 /* Debug */ = {
			isa = XCBuildConfiguration;
			baseConfigurationReference = DBD9C441024B7FEBDE3FEB82 /* Pods-DevelopeLibraryTests.debug.xcconfig */;
			buildSettings = {
				ALWAYS_EMBED_SWIFT_STANDARD_LIBRARIES = YES;
				BUNDLE_LOADER = "$(TEST_HOST)";
				CODE_SIGN_STYLE = Automatic;
				CURRENT_PROJECT_VERSION = 1;
				DEVELOPMENT_TEAM = 524JPX973F;
				GENERATE_INFOPLIST_FILE = YES;
				IPHONEOS_DEPLOYMENT_TARGET = 15.5;
				MARKETING_VERSION = 1.0;
				PRODUCT_BUNDLE_IDENTIFIER = somer.king.DevelopeLibraryTests;
				PRODUCT_NAME = "$(TARGET_NAME)";
				SWIFT_EMIT_LOC_STRINGS = NO;
				SWIFT_VERSION = 5.0;
				TARGETED_DEVICE_FAMILY = "1,2";
				TEST_HOST = "$(BUILT_PRODUCTS_DIR)/DevelopeLibrary.app/DevelopeLibrary";
			};
			name = Debug;
		};
		F3EBEA1828942C7E0029DD01 /* Release */ = {
			isa = XCBuildConfiguration;
			baseConfigurationReference = 427B5F9A6743779DD8C74E20 /* Pods-DevelopeLibraryTests.release.xcconfig */;
			buildSettings = {
				ALWAYS_EMBED_SWIFT_STANDARD_LIBRARIES = YES;
				BUNDLE_LOADER = "$(TEST_HOST)";
				CODE_SIGN_STYLE = Automatic;
				CURRENT_PROJECT_VERSION = 1;
				DEVELOPMENT_TEAM = 524JPX973F;
				GENERATE_INFOPLIST_FILE = YES;
				IPHONEOS_DEPLOYMENT_TARGET = 15.5;
				MARKETING_VERSION = 1.0;
				PRODUCT_BUNDLE_IDENTIFIER = somer.king.DevelopeLibraryTests;
				PRODUCT_NAME = "$(TARGET_NAME)";
				SWIFT_EMIT_LOC_STRINGS = NO;
				SWIFT_VERSION = 5.0;
				TARGETED_DEVICE_FAMILY = "1,2";
				TEST_HOST = "$(BUILT_PRODUCTS_DIR)/DevelopeLibrary.app/DevelopeLibrary";
			};
			name = Release;
		};
		F3EBEA1A28942C7E0029DD01 /* Debug */ = {
			isa = XCBuildConfiguration;
			baseConfigurationReference = 76E23C1400738AAA9EB64B2D /* Pods-DevelopeLibrary-DevelopeLibraryUITests.debug.xcconfig */;
			buildSettings = {
				ALWAYS_EMBED_SWIFT_STANDARD_LIBRARIES = YES;
				CODE_SIGN_STYLE = Automatic;
				CURRENT_PROJECT_VERSION = 1;
				DEVELOPMENT_TEAM = 524JPX973F;
				GENERATE_INFOPLIST_FILE = YES;
				MARKETING_VERSION = 1.0;
				PRODUCT_BUNDLE_IDENTIFIER = somer.king.DevelopeLibraryUITests;
				PRODUCT_NAME = "$(TARGET_NAME)";
				SWIFT_EMIT_LOC_STRINGS = NO;
				SWIFT_VERSION = 5.0;
				TARGETED_DEVICE_FAMILY = "1,2";
				TEST_TARGET_NAME = DevelopeLibrary;
			};
			name = Debug;
		};
		F3EBEA1B28942C7E0029DD01 /* Release */ = {
			isa = XCBuildConfiguration;
			baseConfigurationReference = 1C45D6FE1DE66F1173EBA506 /* Pods-DevelopeLibrary-DevelopeLibraryUITests.release.xcconfig */;
			buildSettings = {
				ALWAYS_EMBED_SWIFT_STANDARD_LIBRARIES = YES;
				CODE_SIGN_STYLE = Automatic;
				CURRENT_PROJECT_VERSION = 1;
				DEVELOPMENT_TEAM = 524JPX973F;
				GENERATE_INFOPLIST_FILE = YES;
				MARKETING_VERSION = 1.0;
				PRODUCT_BUNDLE_IDENTIFIER = somer.king.DevelopeLibraryUITests;
				PRODUCT_NAME = "$(TARGET_NAME)";
				SWIFT_EMIT_LOC_STRINGS = NO;
				SWIFT_VERSION = 5.0;
				TARGETED_DEVICE_FAMILY = "1,2";
				TEST_TARGET_NAME = DevelopeLibrary;
			};
			name = Release;
		};
/* End XCBuildConfiguration section */

/* Begin XCConfigurationList section */
		F3EBE9E428942C7D0029DD01 /* Build configuration list for PBXProject "DevelopeLibrary" */ = {
			isa = XCConfigurationList;
			buildConfigurations = (
				F3EBEA1128942C7E0029DD01 /* Debug */,
				F3EBEA1228942C7E0029DD01 /* Release */,
			);
			defaultConfigurationIsVisible = 0;
			defaultConfigurationName = Release;
		};
		F3EBEA1328942C7E0029DD01 /* Build configuration list for PBXNativeTarget "DevelopeLibrary" */ = {
			isa = XCConfigurationList;
			buildConfigurations = (
				F3EBEA1428942C7E0029DD01 /* Debug */,
				F3EBEA1528942C7E0029DD01 /* Release */,
			);
			defaultConfigurationIsVisible = 0;
			defaultConfigurationName = Release;
		};
		F3EBEA1628942C7E0029DD01 /* Build configuration list for PBXNativeTarget "DevelopeLibraryTests" */ = {
			isa = XCConfigurationList;
			buildConfigurations = (
				F3EBEA1728942C7E0029DD01 /* Debug */,
				F3EBEA1828942C7E0029DD01 /* Release */,
			);
			defaultConfigurationIsVisible = 0;
			defaultConfigurationName = Release;
		};
		F3EBEA1928942C7E0029DD01 /* Build configuration list for PBXNativeTarget "DevelopeLibraryUITests" */ = {
			isa = XCConfigurationList;
			buildConfigurations = (
				F3EBEA1A28942C7E0029DD01 /* Debug */,
				F3EBEA1B28942C7E0029DD01 /* Release */,
			);
			defaultConfigurationIsVisible = 0;
			defaultConfigurationName = Release;
		};
/* End XCConfigurationList section */
	};
	rootObject = F3EBE9E128942C7D0029DD01 /* Project object */;
}
